
Microsoft Visual Studio Solution File, Format Version 12.00
# Visual Studio Version 16
VisualStudioVersion = 16.0.29911.84
MinimumVisualStudioVersion = 10.0.40219.1
Project("{888888A0-9F3D-457C-B088-3A5042F75D52}") = "perocobaan_cs", "perocobaan_cs\perocobaan_cs.pyproj", "{1129736D-167E-4D1F-9003-3B990DBE86CC}"
EndProject
Global
	GlobalSection(SolutionConfigurationPlatforms) = preSolution
		Debug|Any CPU = Debug|Any CPU
		Release|Any CPU = Release|Any CPU
	EndGlobalSection
	GlobalSection(ProjectConfigurationPlatforms) = postSolution
		{1129736D-167E-4D1F-9003-3B990DBE86CC}.Debug|Any CPU.ActiveCfg = Debug|Any CPU
		{1129736D-167E-4D1F-9003-3B990DBE86CC}.Release|Any CPU.ActiveCfg = Release|Any CPU
	EndGlobalSection
	GlobalSection(SolutionProperties) = preSolution
		HideSolutionNode = FALSE
	EndGlobalSection
	GlobalSection(ExtensibilityGlobals) = postSolution
		SolutionGuid = {6EC5A52C-8C1C-4E31-92CA-AD2876ED7226}
	EndGlobalSection
EndGlobal
